
Microsoft Visual Studio Solution File, Format Version 12.00
# Visual Studio Version 16
VisualStudioVersion = 16.0.29424.173
MinimumVisualStudioVersion = 10.0.40219.1
Project("{FAE04EC0-301F-11D3-BF4B-00C04F79EFBC}") = "HalloTPL", "HalloTPL\HalloTPL.csproj", "{81AB6A09-B017-403D-AFD2-F29091FCC18D}"
EndProject
Global
	GlobalSection(SolutionConfigurationPlatforms) = preSolution
		Debug|Any CPU = Debug|Any CPU
		Release|Any CPU = Release|Any CPU
	EndGlobalSection
	GlobalSection(ProjectConfigurationPlatforms) = postSolution
		{81AB6A09-B017-403D-AFD2-F29091FCC18D}.Debug|Any CPU.ActiveCfg = Debug|Any CPU
		{81AB6A09-B017-403D-AFD2-F29091FCC18D}.Debug|Any CPU.Build.0 = Debug|Any CPU
		{81AB6A09-B017-403D-AFD2-F29091FCC18D}.Release|Any CPU.ActiveCfg = Release|Any CPU
		{81AB6A09-B017-403D-AFD2-F29091FCC18D}.Release|Any CPU.Build.0 = Release|Any CPU
	EndGlobalSection
	GlobalSection(SolutionProperties) = preSolution
		HideSolutionNode = FALSE
	EndGlobalSection
	GlobalSection(ExtensibilityGlobals) = postSolution
		SolutionGuid = {88CC055D-86EF-461D-B67D-790A982251EA}
	EndGlobalSection
EndGlobal
