
Microsoft Visual Studio Solution File, Format Version 12.00
# Visual Studio Version 16
VisualStudioVersion = 16.0.29424.173
MinimumVisualStudioVersion = 10.0.40219.1
Project("{FAE04EC0-301F-11D3-BF4B-00C04F79EFBC}") = "ppedv.Kursverwaltung.Model", "ppedv.Kursverwaltung.Model\ppedv.Kursverwaltung.Model.csproj", "{14B2118C-32E2-44B1-B15B-3207178A18E2}"
EndProject
Project("{FAE04EC0-301F-11D3-BF4B-00C04F79EFBC}") = "ppedv.Kursverwaltung.Data.EF", "ppedv.Kursverwaltung.Data.EF\ppedv.Kursverwaltung.Data.EF.csproj", "{DFC3B26D-57D4-4DEF-B78F-7D0B8AF988C9}"
EndProject
Global
	GlobalSection(SolutionConfigurationPlatforms) = preSolution
		Debug|Any CPU = Debug|Any CPU
		Release|Any CPU = Release|Any CPU
	EndGlobalSection
	GlobalSection(ProjectConfigurationPlatforms) = postSolution
		{14B2118C-32E2-44B1-B15B-3207178A18E2}.Debug|Any CPU.ActiveCfg = Debug|Any CPU
		{14B2118C-32E2-44B1-B15B-3207178A18E2}.Debug|Any CPU.Build.0 = Debug|Any CPU
		{14B2118C-32E2-44B1-B15B-3207178A18E2}.Release|Any CPU.ActiveCfg = Release|Any CPU
		{14B2118C-32E2-44B1-B15B-3207178A18E2}.Release|Any CPU.Build.0 = Release|Any CPU
		{DFC3B26D-57D4-4DEF-B78F-7D0B8AF988C9}.Debug|Any CPU.ActiveCfg = Debug|Any CPU
		{DFC3B26D-57D4-4DEF-B78F-7D0B8AF988C9}.Debug|Any CPU.Build.0 = Debug|Any CPU
		{DFC3B26D-57D4-4DEF-B78F-7D0B8AF988C9}.Release|Any CPU.ActiveCfg = Release|Any CPU
		{DFC3B26D-57D4-4DEF-B78F-7D0B8AF988C9}.Release|Any CPU.Build.0 = Release|Any CPU
	EndGlobalSection
	GlobalSection(SolutionProperties) = preSolution
		HideSolutionNode = FALSE
	EndGlobalSection
	GlobalSection(ExtensibilityGlobals) = postSolution
		SolutionGuid = {96DC2A3C-E6D5-4BC1-9699-2AF99D732730}
	EndGlobalSection
EndGlobal
