
Microsoft Visual Studio Solution File, Format Version 12.00
# Visual Studio Version 16
VisualStudioVersion = 16.0.29424.173
MinimumVisualStudioVersion = 10.0.40219.1
Project("{9A19103F-16F7-4668-BE54-9A1E7A4F7556}") = "ppedv.Kursverwaltung.Model", "ppedv.Kursverwaltung.Model\ppedv.Kursverwaltung.Model.csproj", "{14B2118C-32E2-44B1-B15B-3207178A18E2}"
EndProject
Project("{FAE04EC0-301F-11D3-BF4B-00C04F79EFBC}") = "ppedv.Kursverwaltung.Data.EF", "ppedv.Kursverwaltung.Data.EF\ppedv.Kursverwaltung.Data.EF.csproj", "{DFC3B26D-57D4-4DEF-B78F-7D0B8AF988C9}"
EndProject
Project("{FAE04EC0-301F-11D3-BF4B-00C04F79EFBC}") = "ppedv.Kursverwaltung.Data.EF.Tests", "ppedv.Kursverwaltung.Data.EF.Tests\ppedv.Kursverwaltung.Data.EF.Tests.csproj", "{6CD12055-90F1-4543-8F08-676A614FD99F}"
EndProject
Project("{FAE04EC0-301F-11D3-BF4B-00C04F79EFBC}") = "ppedv.Kursverwaltung.Logic", "ppedv.Kursverwaltung.Logic\ppedv.Kursverwaltung.Logic.csproj", "{6ECF87D2-36A7-4B72-B05B-92228B21AE86}"
EndProject
Project("{FAE04EC0-301F-11D3-BF4B-00C04F79EFBC}") = "ppedv.Kursverwaltung.UI.Console", "ppedv.Kursverwaltung.UI.Console\ppedv.Kursverwaltung.UI.Console.csproj", "{0E214BED-1377-4DD6-B1F7-6E987866C6B5}"
EndProject
Project("{FAE04EC0-301F-11D3-BF4B-00C04F79EFBC}") = "ppedv.Kursverwaltung.UI.ConsoleCore", "ppedv.Kursverwaltung.UI.ConsoleCore\ppedv.Kursverwaltung.UI.ConsoleCore.csproj", "{C1E3651A-D36E-4A78-88FC-23D484737AF9}"
EndProject
Global
	GlobalSection(SolutionConfigurationPlatforms) = preSolution
		Debug|Any CPU = Debug|Any CPU
		Release|Any CPU = Release|Any CPU
	EndGlobalSection
	GlobalSection(ProjectConfigurationPlatforms) = postSolution
		{14B2118C-32E2-44B1-B15B-3207178A18E2}.Debug|Any CPU.ActiveCfg = Debug|Any CPU
		{14B2118C-32E2-44B1-B15B-3207178A18E2}.Debug|Any CPU.Build.0 = Debug|Any CPU
		{14B2118C-32E2-44B1-B15B-3207178A18E2}.Release|Any CPU.ActiveCfg = Release|Any CPU
		{14B2118C-32E2-44B1-B15B-3207178A18E2}.Release|Any CPU.Build.0 = Release|Any CPU
		{DFC3B26D-57D4-4DEF-B78F-7D0B8AF988C9}.Debug|Any CPU.ActiveCfg = Debug|Any CPU
		{DFC3B26D-57D4-4DEF-B78F-7D0B8AF988C9}.Debug|Any CPU.Build.0 = Debug|Any CPU
		{DFC3B26D-57D4-4DEF-B78F-7D0B8AF988C9}.Release|Any CPU.ActiveCfg = Release|Any CPU
		{DFC3B26D-57D4-4DEF-B78F-7D0B8AF988C9}.Release|Any CPU.Build.0 = Release|Any CPU
		{6CD12055-90F1-4543-8F08-676A614FD99F}.Debug|Any CPU.ActiveCfg = Debug|Any CPU
		{6CD12055-90F1-4543-8F08-676A614FD99F}.Debug|Any CPU.Build.0 = Debug|Any CPU
		{6CD12055-90F1-4543-8F08-676A614FD99F}.Release|Any CPU.ActiveCfg = Release|Any CPU
		{6CD12055-90F1-4543-8F08-676A614FD99F}.Release|Any CPU.Build.0 = Release|Any CPU
		{6ECF87D2-36A7-4B72-B05B-92228B21AE86}.Debug|Any CPU.ActiveCfg = Debug|Any CPU
		{6ECF87D2-36A7-4B72-B05B-92228B21AE86}.Debug|Any CPU.Build.0 = Debug|Any CPU
		{6ECF87D2-36A7-4B72-B05B-92228B21AE86}.Release|Any CPU.ActiveCfg = Release|Any CPU
		{6ECF87D2-36A7-4B72-B05B-92228B21AE86}.Release|Any CPU.Build.0 = Release|Any CPU
		{0E214BED-1377-4DD6-B1F7-6E987866C6B5}.Debug|Any CPU.ActiveCfg = Debug|Any CPU
		{0E214BED-1377-4DD6-B1F7-6E987866C6B5}.Debug|Any CPU.Build.0 = Debug|Any CPU
		{0E214BED-1377-4DD6-B1F7-6E987866C6B5}.Release|Any CPU.ActiveCfg = Release|Any CPU
		{0E214BED-1377-4DD6-B1F7-6E987866C6B5}.Release|Any CPU.Build.0 = Release|Any CPU
		{C1E3651A-D36E-4A78-88FC-23D484737AF9}.Debug|Any CPU.ActiveCfg = Debug|Any CPU
		{C1E3651A-D36E-4A78-88FC-23D484737AF9}.Debug|Any CPU.Build.0 = Debug|Any CPU
		{C1E3651A-D36E-4A78-88FC-23D484737AF9}.Release|Any CPU.ActiveCfg = Release|Any CPU
		{C1E3651A-D36E-4A78-88FC-23D484737AF9}.Release|Any CPU.Build.0 = Release|Any CPU
	EndGlobalSection
	GlobalSection(SolutionProperties) = preSolution
		HideSolutionNode = FALSE
	EndGlobalSection
	GlobalSection(ExtensibilityGlobals) = postSolution
		SolutionGuid = {96DC2A3C-E6D5-4BC1-9699-2AF99D732730}
	EndGlobalSection
EndGlobal
